{
  "version": 4,
  "terraform_version": "1.9.8",
  "serial": 7,
  "lineage": "49686b47-9c5d-ae3e-b792-ddc32e487550",
  "outputs": {
    "Jenkins-URL": {
      "value": "http://3.86.218.85:8080",
      "type": "string"
    }
  },
  "resources": [
    {
      "mode": "managed",
      "type": "aws_instance",
      "name": "jenkins_server",
      "provider": "provider[\"registry.terraform.io/hashicorp/aws\"]",
      "instances": [
        {
          "schema_version": 1,
          "attributes": {
            "ami": "ami-0866a3c8686eaeeba",
            "arn": "arn:aws:ec2:us-east-1:533267351303:instance/i-0ce0a2dd19124c8a8",
            "associate_public_ip_address": true,
            "availability_zone": "us-east-1d",
            "capacity_reservation_specification": [
              {
                "capacity_reservation_preference": "open",
                "capacity_reservation_target": []
              }
            ],
            "cpu_core_count": 1,
            "cpu_options": [
              {
                "amd_sev_snp": "",
                "core_count": 1,
                "threads_per_core": 1
              }
            ],
            "cpu_threads_per_core": 1,
            "credit_specification": [
              {
                "cpu_credits": "standard"
              }
            ],
            "disable_api_stop": false,
            "disable_api_termination": false,
            "ebs_block_device": [],
            "ebs_optimized": false,
            "enclave_options": [
              {
                "enabled": false
              }
            ],
            "ephemeral_block_device": [],
            "get_password_data": false,
            "hibernation": false,
            "host_id": "",
            "host_resource_group_arn": null,
            "iam_instance_profile": "",
            "id": "i-0ce0a2dd19124c8a8",
            "instance_initiated_shutdown_behavior": "stop",
            "instance_state": "running",
            "instance_type": "t2.micro",
            "ipv6_address_count": 0,
            "ipv6_addresses": [],
            "key_name": "jenkins_key",
            "launch_template": [],
            "maintenance_options": [
              {
                "auto_recovery": "default"
              }
            ],
            "metadata_options": [
              {
                "http_endpoint": "enabled",
                "http_put_response_hop_limit": 2,
                "http_tokens": "required",
                "instance_metadata_tags": "disabled"
              }
            ],
            "monitoring": false,
            "network_interface": [],
            "outpost_arn": "",
            "password_data": "",
            "placement_group": "",
            "placement_partition_number": 0,
            "primary_network_interface_id": "eni-03f581d1f8f3bc1ed",
            "private_dns": "ip-172-31-93-39.ec2.internal",
            "private_dns_name_options": [
              {
                "enable_resource_name_dns_a_record": false,
                "enable_resource_name_dns_aaaa_record": false,
                "hostname_type": "ip-name"
              }
            ],
            "private_ip": "172.31.93.39",
            "public_dns": "ec2-3-86-218-85.compute-1.amazonaws.com",
            "public_ip": "3.86.218.85",
            "root_block_device": [
              {
                "delete_on_termination": true,
                "device_name": "/dev/sda1",
                "encrypted": false,
                "iops": 3000,
                "kms_key_id": "",
                "tags": {},
                "throughput": 125,
                "volume_id": "vol-03d4b3c9371fb4c27",
                "volume_size": 8,
                "volume_type": "gp3"
              }
            ],
            "secondary_private_ips": [],
            "security_groups": [
              "jenkins_sg20241129052636054700000001"
            ],
            "source_dest_check": true,
            "subnet_id": "subnet-0bcd308e9c3d953cc",
            "tags": {
              "Name": "Jenkins Server"
            },
            "tags_all": {
              "Name": "Jenkins Server"
            },
            "tenancy": "default",
            "timeouts": null,
            "user_data": null,
            "user_data_base64": null,
            "user_data_replace_on_change": false,
            "volume_tags": null,
            "vpc_security_group_ids": [
              "sg-0e5c859139bdd7282"
            ]
          },
          "sensitive_attributes": [],
          "private": "eyJlMmJmYjczMC1lY2FhLTExZTYtOGY4OC0zNDM2M2JjN2M0YzAiOnsiY3JlYXRlIjo2MDAwMDAwMDAwMDAsImRlbGV0ZSI6MTIwMDAwMDAwMDAwMCwidXBkYXRlIjo2MDAwMDAwMDAwMDB9LCJzY2hlbWFfdmVyc2lvbiI6IjEifQ==",
          "dependencies": [
            "aws_security_group.jenkins_sg"
          ]
        }
      ]
    },
    {
      "mode": "managed",
      "type": "aws_key_pair",
      "name": "generated_key_pair",
      "provider": "provider[\"registry.terraform.io/hashicorp/aws\"]",
      "instances": [
        {
          "schema_version": 1,
          "attributes": {
            "arn": "arn:aws:ec2:us-east-1:533267351303:key-pair/jenkins_key",
            "fingerprint": "47:d9:b5:e2:5b:54:cf:13:05:bd:93:2b:1b:8c:f3:ed",
            "id": "jenkins_key",
            "key_name": "jenkins_key",
            "key_name_prefix": "",
            "key_pair_id": "key-0d6246c71c7c39069",
            "key_type": "rsa",
            "public_key": "ssh-rsa AAAAB3NzaC1yc2EAAAADAQABAAABAQDUJPL/T1koGDWd3xsFGDx2Fh7CIiZmEHoy59qduu58z314UhIoACqyu2k6L6FU27940ZZ4XoGtpYlMXzWytkUGjJhnCZdXT9AIqB2rQSscHGAqMB76lTNzR53bYOplk/6BqgJqyMjHwtYFc3KKvtpEo2emAOpspFqhKkCOurofqfZp6Bouo2kxJG3DEnqkvQ2HzEnsYvfuNbxSnK1yAUcL2aabIRutRfu4mn5iI9UKGeysk9joQU3tRh8tGVAHOH8ZAgmnDYQzMk26BXPtFlJdmG6wUR4I960ecgN7z9LQlwgdZU5YEdd5TW4SgIgHl0b4Kf8tMHBWcSYGDEHq5ZJx",
            "tags": null,
            "tags_all": {}
          },
          "sensitive_attributes": [],
          "private": "eyJzY2hlbWFfdmVyc2lvbiI6IjEifQ==",
          "dependencies": [
            "tls_private_key.jenkins_private_key"
          ]
        }
      ]
    },
    {
      "mode": "managed",
      "type": "aws_security_group",
      "name": "jenkins_sg",
      "provider": "provider[\"registry.terraform.io/hashicorp/aws\"]",
      "instances": [
        {
          "schema_version": 1,
          "attributes": {
            "arn": "arn:aws:ec2:us-east-1:533267351303:security-group/sg-0e5c859139bdd7282",
            "description": "Managed by Terraform",
            "egress": [
              {
                "cidr_blocks": [
                  "0.0.0.0/0"
                ],
                "description": "",
                "from_port": 0,
                "ipv6_cidr_blocks": [],
                "prefix_list_ids": [],
                "protocol": "-1",
                "security_groups": [],
                "self": false,
                "to_port": 0
              }
            ],
            "id": "sg-0e5c859139bdd7282",
            "ingress": [
              {
                "cidr_blocks": [
                  "0.0.0.0/0"
                ],
                "description": "",
                "from_port": 0,
                "ipv6_cidr_blocks": [],
                "prefix_list_ids": [],
                "protocol": "-1",
                "security_groups": [],
                "self": false,
                "to_port": 0
              }
            ],
            "name": "jenkins_sg20241129052636054700000001",
            "name_prefix": "jenkins_sg",
            "owner_id": "533267351303",
            "revoke_rules_on_delete": false,
            "tags": null,
            "tags_all": {},
            "timeouts": null,
            "vpc_id": "vpc-021ae6f50559de909"
          },
          "sensitive_attributes": [],
          "private": "eyJlMmJmYjczMC1lY2FhLTExZTYtOGY4OC0zNDM2M2JjN2M0YzAiOnsiY3JlYXRlIjo2MDAwMDAwMDAwMDAsImRlbGV0ZSI6OTAwMDAwMDAwMDAwfSwic2NoZW1hX3ZlcnNpb24iOiIxIn0="
        }
      ]
    },
    {
      "mode": "managed",
      "type": "local_file",
      "name": "login_script",
      "provider": "provider[\"registry.terraform.io/hashicorp/local\"]",
      "instances": [
        {
          "schema_version": 0,
          "attributes": {
            "content": "chmod 400 jenkins-key.pem\nssh -o StrictHostKeyChecking=no -i jenkins-key.pem ubuntu@3.86.218.85\n",
            "content_base64": null,
            "content_base64sha256": "nAFx97pUna6Os1QC0oQvz9s8NIze45+oBvd8KZegGOE=",
            "content_base64sha512": "sQWoekWGUNbpku7Q8GhOVk3M4Y4eAiHVcEmC2tGz4AKNkk8SgPLes5gxV0RV2R/IZ9HbYO07cmC8fRR5TNvxdw==",
            "content_md5": "852fdc5b9e16a17b22e4ac821c70b886",
            "content_sha1": "5d39725baa747669f374a378557183b6dbbe20b7",
            "content_sha256": "9c0171f7ba549dae8eb35402d2842fcfdb3c348cdee39fa806f77c2997a018e1",
            "content_sha512": "b105a87a458650d6e992eed0f0684e564dcce18e1e0221d5704982dad1b3e0028d924f1280f2deb39831574455d91fc867d1db60ed3b7260bc7d14794cdbf177",
            "directory_permission": "0777",
            "file_permission": "0777",
            "filename": "login-to-created-instance.sh",
            "id": "5d39725baa747669f374a378557183b6dbbe20b7",
            "sensitive_content": null,
            "source": null
          },
          "sensitive_attributes": [
            [
              {
                "type": "get_attr",
                "value": "sensitive_content"
              }
            ]
          ],
          "dependencies": [
            "aws_instance.jenkins_server",
            "aws_security_group.jenkins_sg",
            "local_file.private_key",
            "tls_private_key.jenkins_private_key"
          ]
        }
      ]
    },
    {
      "mode": "managed",
      "type": "local_file",
      "name": "private_key",
      "provider": "provider[\"registry.terraform.io/hashicorp/local\"]",
      "instances": [
        {
          "schema_version": 0,
          "attributes": {
            "content": "-----BEGIN RSA PRIVATE KEY-----\nMIIEowIBAAKCAQEA1CTy/09ZKBg1nd8bBRg8dhYewiImZhB6MufanbrufM99eFIS\nKAAqsrtpOi+hVNu/eNGWeF6BraWJTF81srZFBoyYZwmXV0/QCKgdq0ErHBxgKjAe\n+pUzc0ed22DqZZP+gaoCasjIx8LWBXNyir7aRKNnpgDqbKRaoSpAjrq6H6n2aega\nLqNpMSRtwxJ6pL0Nh8xJ7GL37jW8UpytcgFHC9mmmyEbrUX7uJp+YiPVChnsrJPY\n6EFN7UYfLRlQBzh/GQIJpw2EMzJNugVz7RZSXZhusFEeCPetHnIDe8/S0JcIHWVO\nWBHXeU1uEoCIB5dG+Cn/LTBwVnEmBgxB6uWScQIDAQABAoIBABetxB2xKp9qDFoB\ntA9ehCkeEPLUQvrzbeBOtr0SR1pRAo0yg+pJEnr+piEjfdtt57JBmoz253yNVITc\nv66h35R6juw5StYpB2xf72fVD03E8QrkciDAFI0SelEpQSBzY13vrvNiU97QJXlY\nSHmqEczFfGUwBvp3YdJJWAlWWD3+U1O/F4IAWD4yKtog5hrUjD6FwF4zlU2rjvuR\nU+QlBDbP4cETfGgYwadUo0Dj8GVBW4XmEkHWrRSsIojWu07hbLI6+HmDNvo/X9mV\npvDdzyR9fcIytr0N+Cxxi/VG4qC5Br6civqrAuL2lEfMkn4omG6My8tFd13h4SqQ\nvDjb5x0CgYEA/o+avGhJYjL/DZha0Yptin3SUIUaN9fINWo66ZHHUXmCw2vLahZU\ntR6iPF36dqw1ic7U1zLoHyY4EGElFwTnDjh86wbQ+OgDt2H2f+d5gDFs8WNi1OwU\nwwrdStsAEEU+9rv0AFa8AQwKmXH9WmkUROsTix7pbnF2OlSNOasWZhsCgYEA1Vf1\n1LmVRJpSRktF4OWVOPLg/ZHXe9XdLaCF5op87h+VDnomJsXVCtMBBYYP6oVyaPtM\nJHaRHC6jItDPJ/qyvwlWccu/hOh6s5FLlXpes6UhgbiQUm4Ws4mQcAQ1FBCoeUNe\n10EiaIDgugQwFgp5HknMflen9enWCFcIk4PNomMCgYAjvyC4gmCDtKuSSim+sRSu\n1PpaqkZDPz7zGUbKk9kMfOa68IExFY+xm2qm1X+deJNQFcZXreNgtGo9Cpc9w0d6\n/L2191ATE+mpr80Aqw2pzccBorY3Niu4M+ddYqGAp2ivFzetcICYGQvH/nTYZFcf\nUm99Isse4jn6+PKX/Yl4rwKBgHsSCOA0RqWSmI+wcJkyF4kIoz3j2fi4AKWHinbZ\nwQPk+Cmn0UZgrWtXGanEEn5piPyCqwQF2eP2C2nUJwybFG4bxuBSdyMGsXHRCVcr\nhmH/inq4q5jBpRrg6o+T/cKbcXSypo1qJ509a2YjcFHmrMQKMotXqa60vCGHg40F\nZaSdAoGBAL07PCas9AG2OouKbMI0an48uSqG0B6/5GhEjyiDS245Nw7paZrCQipe\nYUe2Fv4fe1/OZVkaCHv3d3e2nO8dhnpDtFK9lBMODirRi972OzNzMbcXlpnG4w6c\n+kV/Icmn5H5nf5Lp4gw16YVhTiR7U97ZTTocHcUXP8dZY+0MzK7t\n-----END RSA PRIVATE KEY-----\n",
            "content_base64": null,
            "content_base64sha256": "qSZvysXOy8qSsEAqtXjiDlrFFfFfR0CLWj9nRQfrqKc=",
            "content_base64sha512": "TToriOo3m8yi1fm5otgxtNweyONEQAzw1An+PvAbrAyB7WPRd0NsgsiGxp9PUlWunpjJMPOof98QUmowjUBLVg==",
            "content_md5": "d5071c8fac45c8377fa1c4501bbb535d",
            "content_sha1": "07cf2c9ab91c18ff93c383138d933fb52d97b4b8",
            "content_sha256": "a9266fcac5cecbca92b0402ab578e20e5ac515f15f47408b5a3f674507eba8a7",
            "content_sha512": "4d3a2b88ea379bcca2d5f9b9a2d831b4dc1ec8e344400cf0d409fe3ef01bac0c81ed63d177436c82c886c69f4f5255ae9e98c930f3a87fdf10526a308d404b56",
            "directory_permission": "0777",
            "file_permission": "0777",
            "filename": "jenkins-key.pem",
            "id": "07cf2c9ab91c18ff93c383138d933fb52d97b4b8",
            "sensitive_content": null,
            "source": null
          },
          "sensitive_attributes": [
            [
              {
                "type": "get_attr",
                "value": "sensitive_content"
              }
            ],
            [
              {
                "type": "get_attr",
                "value": "content"
              }
            ]
          ],
          "dependencies": [
            "tls_private_key.jenkins_private_key"
          ]
        }
      ]
    },
    {
      "mode": "managed",
      "type": "tls_private_key",
      "name": "jenkins_private_key",
      "provider": "provider[\"registry.terraform.io/hashicorp/tls\"]",
      "instances": [
        {
          "schema_version": 1,
          "attributes": {
            "algorithm": "RSA",
            "ecdsa_curve": "P224",
            "id": "14fd06b8df6444275a6e91291d98272b1e1241c3",
            "private_key_openssh": "-----BEGIN OPENSSH PRIVATE KEY-----\nb3BlbnNzaC1rZXktdjEAAAAABG5vbmUAAAAEbm9uZQAAAAAAAAABAAABFwAAAAdz\nc2gtcnNhAAAAAwEAAQAAAQEA1CTy/09ZKBg1nd8bBRg8dhYewiImZhB6Mufanbru\nfM99eFISKAAqsrtpOi+hVNu/eNGWeF6BraWJTF81srZFBoyYZwmXV0/QCKgdq0Er\nHBxgKjAe+pUzc0ed22DqZZP+gaoCasjIx8LWBXNyir7aRKNnpgDqbKRaoSpAjrq6\nH6n2aegaLqNpMSRtwxJ6pL0Nh8xJ7GL37jW8UpytcgFHC9mmmyEbrUX7uJp+YiPV\nChnsrJPY6EFN7UYfLRlQBzh/GQIJpw2EMzJNugVz7RZSXZhusFEeCPetHnIDe8/S\n0JcIHWVOWBHXeU1uEoCIB5dG+Cn/LTBwVnEmBgxB6uWScQAAA7g/SA4IP0gOCAAA\nAAdzc2gtcnNhAAABAQDUJPL/T1koGDWd3xsFGDx2Fh7CIiZmEHoy59qduu58z314\nUhIoACqyu2k6L6FU27940ZZ4XoGtpYlMXzWytkUGjJhnCZdXT9AIqB2rQSscHGAq\nMB76lTNzR53bYOplk/6BqgJqyMjHwtYFc3KKvtpEo2emAOpspFqhKkCOurofqfZp\n6Bouo2kxJG3DEnqkvQ2HzEnsYvfuNbxSnK1yAUcL2aabIRutRfu4mn5iI9UKGeys\nk9joQU3tRh8tGVAHOH8ZAgmnDYQzMk26BXPtFlJdmG6wUR4I960ecgN7z9LQlwgd\nZU5YEdd5TW4SgIgHl0b4Kf8tMHBWcSYGDEHq5ZJxAAAAAwEAAQAAAQAXrcQdsSqf\nagxaAbQPXoQpHhDy1EL6823gTra9EkdaUQKNMoPqSRJ6/qYhI33bbeeyQZqM9ud8\njVSE3L+uod+Ueo7sOUrWKQdsX+9n1Q9NxPEK5HIgwBSNEnpRKUEgc2Nd767zYlPe\n0CV5WEh5qhHMxXxlMAb6d2HSSVgJVlg9/lNTvxeCAFg+MiraIOYa1Iw+hcBeM5VN\nq477kVPkJQQ2z+HBE3xoGMGnVKNA4/BlQVuF5hJB1q0UrCKI1rtO4WyyOvh5gzb6\nP1/Zlabw3c8kfX3CMra9DfgscYv1RuKguQa+nIr6qwLi9pRHzJJ+KJhujMvLRXdd\n4eEqkLw42+cdAAAAgQC9OzwmrPQBtjqLimzCNGp+PLkqhtAev+RoRI8og0tuOTcO\n6WmawkIqXmFHthb+H3tfzmVZGgh793d3tpzvHYZ6Q7RSvZQTDg4q0Yve9jszczG3\nF5aZxuMOnPpFfyHJp+R+Z3+S6eIMNemFYU4ke1Pe2U06HB3FFz/HWWPtDMyu7QAA\nAIEA/o+avGhJYjL/DZha0Yptin3SUIUaN9fINWo66ZHHUXmCw2vLahZUtR6iPF36\ndqw1ic7U1zLoHyY4EGElFwTnDjh86wbQ+OgDt2H2f+d5gDFs8WNi1OwUwwrdStsA\nEEU+9rv0AFa8AQwKmXH9WmkUROsTix7pbnF2OlSNOasWZhsAAACBANVX9dS5lUSa\nUkZLReDllTjy4P2R13vV3S2gheaKfO4flQ56JibF1QrTAQWGD+qFcmj7TCR2kRwu\noyLQzyf6sr8JVnHLv4ToerORS5V6XrOlIYG4kFJuFrOJkHAENRQQqHlDXtdBImiA\n4LoEMBYKeR5JzH5Xp/Xp1ghXCJODzaJjAAAAAAEC\n-----END OPENSSH PRIVATE KEY-----\n",
            "private_key_pem": "-----BEGIN RSA PRIVATE KEY-----\nMIIEowIBAAKCAQEA1CTy/09ZKBg1nd8bBRg8dhYewiImZhB6MufanbrufM99eFIS\nKAAqsrtpOi+hVNu/eNGWeF6BraWJTF81srZFBoyYZwmXV0/QCKgdq0ErHBxgKjAe\n+pUzc0ed22DqZZP+gaoCasjIx8LWBXNyir7aRKNnpgDqbKRaoSpAjrq6H6n2aega\nLqNpMSRtwxJ6pL0Nh8xJ7GL37jW8UpytcgFHC9mmmyEbrUX7uJp+YiPVChnsrJPY\n6EFN7UYfLRlQBzh/GQIJpw2EMzJNugVz7RZSXZhusFEeCPetHnIDe8/S0JcIHWVO\nWBHXeU1uEoCIB5dG+Cn/LTBwVnEmBgxB6uWScQIDAQABAoIBABetxB2xKp9qDFoB\ntA9ehCkeEPLUQvrzbeBOtr0SR1pRAo0yg+pJEnr+piEjfdtt57JBmoz253yNVITc\nv66h35R6juw5StYpB2xf72fVD03E8QrkciDAFI0SelEpQSBzY13vrvNiU97QJXlY\nSHmqEczFfGUwBvp3YdJJWAlWWD3+U1O/F4IAWD4yKtog5hrUjD6FwF4zlU2rjvuR\nU+QlBDbP4cETfGgYwadUo0Dj8GVBW4XmEkHWrRSsIojWu07hbLI6+HmDNvo/X9mV\npvDdzyR9fcIytr0N+Cxxi/VG4qC5Br6civqrAuL2lEfMkn4omG6My8tFd13h4SqQ\nvDjb5x0CgYEA/o+avGhJYjL/DZha0Yptin3SUIUaN9fINWo66ZHHUXmCw2vLahZU\ntR6iPF36dqw1ic7U1zLoHyY4EGElFwTnDjh86wbQ+OgDt2H2f+d5gDFs8WNi1OwU\nwwrdStsAEEU+9rv0AFa8AQwKmXH9WmkUROsTix7pbnF2OlSNOasWZhsCgYEA1Vf1\n1LmVRJpSRktF4OWVOPLg/ZHXe9XdLaCF5op87h+VDnomJsXVCtMBBYYP6oVyaPtM\nJHaRHC6jItDPJ/qyvwlWccu/hOh6s5FLlXpes6UhgbiQUm4Ws4mQcAQ1FBCoeUNe\n10EiaIDgugQwFgp5HknMflen9enWCFcIk4PNomMCgYAjvyC4gmCDtKuSSim+sRSu\n1PpaqkZDPz7zGUbKk9kMfOa68IExFY+xm2qm1X+deJNQFcZXreNgtGo9Cpc9w0d6\n/L2191ATE+mpr80Aqw2pzccBorY3Niu4M+ddYqGAp2ivFzetcICYGQvH/nTYZFcf\nUm99Isse4jn6+PKX/Yl4rwKBgHsSCOA0RqWSmI+wcJkyF4kIoz3j2fi4AKWHinbZ\nwQPk+Cmn0UZgrWtXGanEEn5piPyCqwQF2eP2C2nUJwybFG4bxuBSdyMGsXHRCVcr\nhmH/inq4q5jBpRrg6o+T/cKbcXSypo1qJ509a2YjcFHmrMQKMotXqa60vCGHg40F\nZaSdAoGBAL07PCas9AG2OouKbMI0an48uSqG0B6/5GhEjyiDS245Nw7paZrCQipe\nYUe2Fv4fe1/OZVkaCHv3d3e2nO8dhnpDtFK9lBMODirRi972OzNzMbcXlpnG4w6c\n+kV/Icmn5H5nf5Lp4gw16YVhTiR7U97ZTTocHcUXP8dZY+0MzK7t\n-----END RSA PRIVATE KEY-----\n",
            "private_key_pem_pkcs8": "-----BEGIN PRIVATE KEY-----\nMIIEvQIBADANBgkqhkiG9w0BAQEFAASCBKcwggSjAgEAAoIBAQDUJPL/T1koGDWd\n3xsFGDx2Fh7CIiZmEHoy59qduu58z314UhIoACqyu2k6L6FU27940ZZ4XoGtpYlM\nXzWytkUGjJhnCZdXT9AIqB2rQSscHGAqMB76lTNzR53bYOplk/6BqgJqyMjHwtYF\nc3KKvtpEo2emAOpspFqhKkCOurofqfZp6Bouo2kxJG3DEnqkvQ2HzEnsYvfuNbxS\nnK1yAUcL2aabIRutRfu4mn5iI9UKGeysk9joQU3tRh8tGVAHOH8ZAgmnDYQzMk26\nBXPtFlJdmG6wUR4I960ecgN7z9LQlwgdZU5YEdd5TW4SgIgHl0b4Kf8tMHBWcSYG\nDEHq5ZJxAgMBAAECggEAF63EHbEqn2oMWgG0D16EKR4Q8tRC+vNt4E62vRJHWlEC\njTKD6kkSev6mISN9223nskGajPbnfI1UhNy/rqHflHqO7DlK1ikHbF/vZ9UPTcTx\nCuRyIMAUjRJ6USlBIHNjXe+u82JT3tAleVhIeaoRzMV8ZTAG+ndh0klYCVZYPf5T\nU78XggBYPjIq2iDmGtSMPoXAXjOVTauO+5FT5CUENs/hwRN8aBjBp1SjQOPwZUFb\nheYSQdatFKwiiNa7TuFssjr4eYM2+j9f2ZWm8N3PJH19wjK2vQ34LHGL9UbioLkG\nvpyK+qsC4vaUR8ySfiiYbozLy0V3XeHhKpC8ONvnHQKBgQD+j5q8aEliMv8NmFrR\nim2KfdJQhRo318g1ajrpkcdReYLDa8tqFlS1HqI8Xfp2rDWJztTXMugfJjgQYSUX\nBOcOOHzrBtD46AO3YfZ/53mAMWzxY2LU7BTDCt1K2wAQRT72u/QAVrwBDAqZcf1a\naRRE6xOLHulucXY6VI05qxZmGwKBgQDVV/XUuZVEmlJGS0Xg5ZU48uD9kdd71d0t\noIXminzuH5UOeiYmxdUK0wEFhg/qhXJo+0wkdpEcLqMi0M8n+rK/CVZxy7+E6Hqz\nkUuVel6zpSGBuJBSbhaziZBwBDUUEKh5Q17XQSJogOC6BDAWCnkeScx+V6f16dYI\nVwiTg82iYwKBgCO/ILiCYIO0q5JKKb6xFK7U+lqqRkM/PvMZRsqT2Qx85rrwgTEV\nj7GbaqbVf514k1AVxlet42C0aj0Klz3DR3r8vbX3UBMT6amvzQCrDanNxwGitjc2\nK7gz511ioYCnaK8XN61wgJgZC8f+dNhkVx9Sb30iyx7iOfr48pf9iXivAoGAexII\n4DRGpZKYj7BwmTIXiQijPePZ+LgApYeKdtnBA+T4KafRRmCta1cZqcQSfmmI/IKr\nBAXZ4/YLadQnDJsUbhvG4FJ3IwaxcdEJVyuGYf+KerirmMGlGuDqj5P9wptxdLKm\njWonnT1rZiNwUeasxAoyi1eprrS8IYeDjQVlpJ0CgYEAvTs8Jqz0AbY6i4pswjRq\nfjy5KobQHr/kaESPKINLbjk3DulpmsJCKl5hR7YW/h97X85lWRoIe/d3d7ac7x2G\nekO0Ur2UEw4OKtGL3vY7M3MxtxeWmcbjDpz6RX8hyafkfmd/kuniDDXphWFOJHtT\n3tlNOhwdxRc/x1lj7QzMru0=\n-----END PRIVATE KEY-----\n",
            "public_key_fingerprint_md5": "90:d6:17:61:e2:0e:85:e7:52:bc:ec:c0:8c:b7:a6:32",
            "public_key_fingerprint_sha256": "SHA256:LjTjAOV0CoMnOYQrBUTiA0jRFX6jQuOvnOu+NxfWnYo",
            "public_key_openssh": "ssh-rsa AAAAB3NzaC1yc2EAAAADAQABAAABAQDUJPL/T1koGDWd3xsFGDx2Fh7CIiZmEHoy59qduu58z314UhIoACqyu2k6L6FU27940ZZ4XoGtpYlMXzWytkUGjJhnCZdXT9AIqB2rQSscHGAqMB76lTNzR53bYOplk/6BqgJqyMjHwtYFc3KKvtpEo2emAOpspFqhKkCOurofqfZp6Bouo2kxJG3DEnqkvQ2HzEnsYvfuNbxSnK1yAUcL2aabIRutRfu4mn5iI9UKGeysk9joQU3tRh8tGVAHOH8ZAgmnDYQzMk26BXPtFlJdmG6wUR4I960ecgN7z9LQlwgdZU5YEdd5TW4SgIgHl0b4Kf8tMHBWcSYGDEHq5ZJx\n",
            "public_key_pem": "-----BEGIN PUBLIC KEY-----\nMIIBIjANBgkqhkiG9w0BAQEFAAOCAQ8AMIIBCgKCAQEA1CTy/09ZKBg1nd8bBRg8\ndhYewiImZhB6MufanbrufM99eFISKAAqsrtpOi+hVNu/eNGWeF6BraWJTF81srZF\nBoyYZwmXV0/QCKgdq0ErHBxgKjAe+pUzc0ed22DqZZP+gaoCasjIx8LWBXNyir7a\nRKNnpgDqbKRaoSpAjrq6H6n2aegaLqNpMSRtwxJ6pL0Nh8xJ7GL37jW8UpytcgFH\nC9mmmyEbrUX7uJp+YiPVChnsrJPY6EFN7UYfLRlQBzh/GQIJpw2EMzJNugVz7RZS\nXZhusFEeCPetHnIDe8/S0JcIHWVOWBHXeU1uEoCIB5dG+Cn/LTBwVnEmBgxB6uWS\ncQIDAQAB\n-----END PUBLIC KEY-----\n",
            "rsa_bits": 2048
          },
          "sensitive_attributes": [
            [
              {
                "type": "get_attr",
                "value": "private_key_pem_pkcs8"
              }
            ],
            [
              {
                "type": "get_attr",
                "value": "private_key_pem"
              }
            ],
            [
              {
                "type": "get_attr",
                "value": "private_key_openssh"
              }
            ]
          ]
        }
      ]
    }
  ],
  "check_results": null
}
