{
  "version": 4,
  "terraform_version": "1.9.8",
  "serial": 7,
  "lineage": "d8fe0c10-2490-5953-95e2-a965f4fd1fe8",
  "outputs": {
    "login_string": {
      "value": "ssh -i jenkins-key.pem ubuntu@18.215.248.113",
      "type": "string"
    },
    "public_key": {
      "value": "ssh-rsa AAAAB3NzaC1yc2EAAAADAQABAAABAQC4oC5hZkgWILE5zjWwTktZiKL4BU5ju+8GKBk/pbNqtYAMXIHVtgi/7Sn0mgomCJYj9vU8KDPOQTG7IHbfZO1NlPpmRwoxMK9UCpZgvhCf6eWJcljKHggiEbFrUvBTTFfchXUWZGpRONfIb9SN7FcktYDgQ9gw1c2uLjbK9Y8P6C2h7ZxGg7imjP3mQP7h4ZeUOtMmtS1lEBlMiIoCa8j72+6YFey47NWRayOhvq/GGvkzAyz87Tk47fBns+shg7LOJDZhQPDathLH/tAFDLQsRZSlXgAhRbn7p0++AsgrXqYBmF+uvt+oEnM23A5ZSPRoocADwbnaa5zLV5FSakNb\n",
      "type": "string"
    }
  },
  "resources": [
    {
      "mode": "managed",
      "type": "aws_instance",
      "name": "jenkins_server",
      "provider": "provider[\"registry.terraform.io/hashicorp/aws\"]",
      "instances": [
        {
          "schema_version": 1,
          "attributes": {
            "ami": "ami-0866a3c8686eaeeba",
            "arn": "arn:aws:ec2:us-east-1:533267175008:instance/i-044ff1ea7ce208586",
            "associate_public_ip_address": true,
            "availability_zone": "us-east-1d",
            "capacity_reservation_specification": [
              {
                "capacity_reservation_preference": "open",
                "capacity_reservation_target": []
              }
            ],
            "cpu_core_count": 1,
            "cpu_options": [
              {
                "amd_sev_snp": "",
                "core_count": 1,
                "threads_per_core": 1
              }
            ],
            "cpu_threads_per_core": 1,
            "credit_specification": [
              {
                "cpu_credits": "standard"
              }
            ],
            "disable_api_stop": false,
            "disable_api_termination": false,
            "ebs_block_device": [],
            "ebs_optimized": false,
            "enclave_options": [
              {
                "enabled": false
              }
            ],
            "ephemeral_block_device": [],
            "get_password_data": false,
            "hibernation": false,
            "host_id": "",
            "host_resource_group_arn": null,
            "iam_instance_profile": "",
            "id": "i-044ff1ea7ce208586",
            "instance_initiated_shutdown_behavior": "stop",
            "instance_state": "running",
            "instance_type": "t2.micro",
            "ipv6_address_count": 0,
            "ipv6_addresses": [],
            "key_name": "jenkins_key",
            "launch_template": [],
            "maintenance_options": [
              {
                "auto_recovery": "default"
              }
            ],
            "metadata_options": [
              {
                "http_endpoint": "enabled",
                "http_put_response_hop_limit": 2,
                "http_tokens": "required",
                "instance_metadata_tags": "disabled"
              }
            ],
            "monitoring": false,
            "network_interface": [],
            "outpost_arn": "",
            "password_data": "",
            "placement_group": "",
            "placement_partition_number": 0,
            "primary_network_interface_id": "eni-0d8f03f0c9b5ad310",
            "private_dns": "ip-172-31-43-56.ec2.internal",
            "private_dns_name_options": [
              {
                "enable_resource_name_dns_a_record": false,
                "enable_resource_name_dns_aaaa_record": false,
                "hostname_type": "ip-name"
              }
            ],
            "private_ip": "172.31.43.56",
            "public_dns": "ec2-18-215-248-113.compute-1.amazonaws.com",
            "public_ip": "18.215.248.113",
            "root_block_device": [
              {
                "delete_on_termination": true,
                "device_name": "/dev/sda1",
                "encrypted": false,
                "iops": 3000,
                "kms_key_id": "",
                "tags": {},
                "throughput": 125,
                "volume_id": "vol-06178f1e21d53de9f",
                "volume_size": 8,
                "volume_type": "gp3"
              }
            ],
            "secondary_private_ips": [],
            "security_groups": [
              "jenkins_sg20241128233132037700000001"
            ],
            "source_dest_check": true,
            "subnet_id": "subnet-0ff4793866f131775",
            "tags": {
              "Name": "Jenkins Server"
            },
            "tags_all": {
              "Name": "Jenkins Server"
            },
            "tenancy": "default",
            "timeouts": null,
            "user_data": null,
            "user_data_base64": null,
            "user_data_replace_on_change": false,
            "volume_tags": null,
            "vpc_security_group_ids": [
              "sg-053a0d74323139c41"
            ]
          },
          "sensitive_attributes": [],
          "private": "eyJlMmJmYjczMC1lY2FhLTExZTYtOGY4OC0zNDM2M2JjN2M0YzAiOnsiY3JlYXRlIjo2MDAwMDAwMDAwMDAsImRlbGV0ZSI6MTIwMDAwMDAwMDAwMCwidXBkYXRlIjo2MDAwMDAwMDAwMDB9LCJzY2hlbWFfdmVyc2lvbiI6IjEifQ==",
          "dependencies": [
            "aws_security_group.jenkins_sg"
          ]
        }
      ]
    },
    {
      "mode": "managed",
      "type": "aws_key_pair",
      "name": "generated_key_pair",
      "provider": "provider[\"registry.terraform.io/hashicorp/aws\"]",
      "instances": [
        {
          "schema_version": 1,
          "attributes": {
            "arn": "arn:aws:ec2:us-east-1:533267175008:key-pair/jenkins_key",
            "fingerprint": "ff:68:1d:c9:e9:45:59:7d:cd:a7:9e:e4:e9:b4:99:e8",
            "id": "jenkins_key",
            "key_name": "jenkins_key",
            "key_name_prefix": "",
            "key_pair_id": "key-07dccfe2b03843335",
            "key_type": "rsa",
            "public_key": "ssh-rsa AAAAB3NzaC1yc2EAAAADAQABAAABAQC4oC5hZkgWILE5zjWwTktZiKL4BU5ju+8GKBk/pbNqtYAMXIHVtgi/7Sn0mgomCJYj9vU8KDPOQTG7IHbfZO1NlPpmRwoxMK9UCpZgvhCf6eWJcljKHggiEbFrUvBTTFfchXUWZGpRONfIb9SN7FcktYDgQ9gw1c2uLjbK9Y8P6C2h7ZxGg7imjP3mQP7h4ZeUOtMmtS1lEBlMiIoCa8j72+6YFey47NWRayOhvq/GGvkzAyz87Tk47fBns+shg7LOJDZhQPDathLH/tAFDLQsRZSlXgAhRbn7p0++AsgrXqYBmF+uvt+oEnM23A5ZSPRoocADwbnaa5zLV5FSakNb",
            "tags": null,
            "tags_all": {}
          },
          "sensitive_attributes": [],
          "private": "eyJzY2hlbWFfdmVyc2lvbiI6IjEifQ==",
          "dependencies": [
            "tls_private_key.jenkins_private_key"
          ]
        }
      ]
    },
    {
      "mode": "managed",
      "type": "aws_security_group",
      "name": "jenkins_sg",
      "provider": "provider[\"registry.terraform.io/hashicorp/aws\"]",
      "instances": [
        {
          "schema_version": 1,
          "attributes": {
            "arn": "arn:aws:ec2:us-east-1:533267175008:security-group/sg-053a0d74323139c41",
            "description": "Managed by Terraform",
            "egress": [
              {
                "cidr_blocks": [
                  "0.0.0.0/0"
                ],
                "description": "",
                "from_port": 0,
                "ipv6_cidr_blocks": [],
                "prefix_list_ids": [],
                "protocol": "-1",
                "security_groups": [],
                "self": false,
                "to_port": 0
              }
            ],
            "id": "sg-053a0d74323139c41",
            "ingress": [
              {
                "cidr_blocks": [
                  "0.0.0.0/0"
                ],
                "description": "",
                "from_port": 0,
                "ipv6_cidr_blocks": [],
                "prefix_list_ids": [],
                "protocol": "-1",
                "security_groups": [],
                "self": false,
                "to_port": 0
              }
            ],
            "name": "jenkins_sg20241128233132037700000001",
            "name_prefix": "jenkins_sg",
            "owner_id": "533267175008",
            "revoke_rules_on_delete": false,
            "tags": null,
            "tags_all": {},
            "timeouts": null,
            "vpc_id": "vpc-09c35600106048830"
          },
          "sensitive_attributes": [],
          "private": "eyJlMmJmYjczMC1lY2FhLTExZTYtOGY4OC0zNDM2M2JjN2M0YzAiOnsiY3JlYXRlIjo2MDAwMDAwMDAwMDAsImRlbGV0ZSI6OTAwMDAwMDAwMDAwfSwic2NoZW1hX3ZlcnNpb24iOiIxIn0="
        }
      ]
    },
    {
      "mode": "managed",
      "type": "local_file",
      "name": "login_script",
      "provider": "provider[\"registry.terraform.io/hashicorp/local\"]",
      "instances": [
        {
          "schema_version": 0,
          "attributes": {
            "content": "chmod 400 jenkins-key.pem\nssh -o StrictHostKeyChecking=no -i jenkins-key.pem ubuntu@18.215.248.113\n",
            "content_base64": null,
            "content_base64sha256": "U/mEgQhzcnBOp2MU0m7RnvpmiQT96H+4i0oiASpb9v0=",
            "content_base64sha512": "6WHtUdDur1I9+pcnRpDe73wrkAUpxHoMNWwS5xont7Nfq9BtxV8VcLkRPK3mbkU9EFzO5dw1ocq9sKICx5iEnA==",
            "content_md5": "79e5075be6f293f62749608dd6579dcc",
            "content_sha1": "769fdffab0d55e323fa294d7365be08157abfd72",
            "content_sha256": "53f98481087372704ea76314d26ed19efa668904fde87fb88b4a22012a5bf6fd",
            "content_sha512": "e961ed51d0eeaf523dfa97274690deef7c2b900529c47a0c356c12e71a27b7b35fabd06dc55f1570b9113cade66e453d105ccee5dc35a1cabdb0a202c798849c",
            "directory_permission": "0777",
            "file_permission": "0777",
            "filename": "login-to-created-instance.sh",
            "id": "769fdffab0d55e323fa294d7365be08157abfd72",
            "sensitive_content": null,
            "source": null
          },
          "sensitive_attributes": [
            [
              {
                "type": "get_attr",
                "value": "sensitive_content"
              }
            ]
          ],
          "dependencies": [
            "aws_instance.jenkins_server",
            "aws_security_group.jenkins_sg"
          ]
        }
      ]
    },
    {
      "mode": "managed",
      "type": "local_file",
      "name": "private_key",
      "provider": "provider[\"registry.terraform.io/hashicorp/local\"]",
      "instances": [
        {
          "schema_version": 0,
          "attributes": {
            "content": "-----BEGIN RSA PRIVATE KEY-----\nMIIEpAIBAAKCAQEAuKAuYWZIFiCxOc41sE5LWYii+AVOY7vvBigZP6WzarWADFyB\n1bYIv+0p9JoKJgiWI/b1PCgzzkExuyB232TtTZT6ZkcKMTCvVAqWYL4Qn+nliXJY\nyh4IIhGxa1LwU0xX3IV1FmRqUTjXyG/UjexXJLWA4EPYMNXNri42yvWPD+gtoe2c\nRoO4poz95kD+4eGXlDrTJrUtZRAZTIiKAmvI+9vumBXsuOzVkWsjob6vxhr5MwMs\n/O05OO3wZ7PrIYOyziQ2YUDw2rYSx/7QBQy0LEWUpV4AIUW5+6dPvgLIK16mAZhf\nrr7fqBJzNtwOWUj0aKHAA8G52mucy1eRUmpDWwIDAQABAoIBAF5KACXiFKKoY5qA\nA89czQKW05QTMauhyTq9s9dbirvOoeyuOeipJOLP/oNbQB+YdwU7FJd6eKq3hOxq\ncgs5AjCDCza8xSnGEWS8W3xg1SC2VXHSoiHnIIQ1wQRswSvpa13GErwy4FFG1H0b\nD9TDhOXMhFsEix61smtoUrdonX2jWZKG7zt+JpsiylzOh8zxJQY2pk7lpbnIji6Z\nTKZyWnec8JU7Ysw54WB4mcDOyZoUVlI1RbAHvFMv5+lSYboxBQWcPaA6Ad5xRmTo\na/L1Zg1D9cCcq1roKi6VsB5WRrwd2cjFCoepzmutUE35UPlP9Ycw056TgNe8G/An\nLu6qxJECgYEA41Q/cjBKLU5+xHpkPrXFe2UjUQi/uvPWxnRaG89U1+oNAIQw7g5Y\nwsgTF3MUuKbKauHF5HN1KcAr54txEtgRtp/sVC2zsrOinrr11Ytwo3GUz6GaRkgP\nga79YRVavNyuPLq/BHqwaAHDRtDtvFv06pyGp0rer9CiOnthX+OtVqUCgYEAz+ks\nXmphPXC8FOzTrLvGTtKnIWVSKLqiJ/j/fSWezh2TkzXmjgz7CtwdJr4ty03lNjs+\nuNrex2oZ9HmbUPpiGOODE1kUKgCvtWowdELtRVjJrlrlB0VxmHuodVX8pS4Cd3Pc\n1YfCutrEA6LopyzhYPPQm6AoarUjt4v6yg4AEf8CgYATE/LvJlZTTw8cdhkLmj2k\niWxZVJ6ilewkY4dcZh38sMu+i1l/4PxZ/Gh9w06t4HGEXsY40ee3RUVp/S3UIwX5\niZpPxjYafTDcmVwgO7+MN/ABLNLBqzKB86mYCC7BQtPsjM+TFKjRUbSNsOMCt8Tq\nG5DBYWsm3h9/QPN/FKBrcQKBgQC1zuQiqAnibVu7PKGZkhZGxUSrGmvu+81jAQWB\njU1CVnC/MUose8NnarX/NBzdhH9knggqJBLd9LU/qLud42W29/SeDa5pUHJWRMac\nVA4iLxMl6YwPgLVmLvRPruKgGwzDIklBXFd3iGgR+fpSfheT7YFFJZdSQJY8Iicr\nW3TKRwKBgQCWGyhT4mM4kPREwBdNPEdZ4E5hu1MQ72LudVrx3hBHQzKoC1QW+xfk\nzyKglvRiEbT0PGmfkiU58lstNPb6h7Xmk+izicKb80mauU+43WTP1M6zrZ6pLI7Q\nWqzdbciQ4ollVDZ6s6LyXASuf24SMvyI5fGOnXNyYqlnhjG+dwh6nQ==\n-----END RSA PRIVATE KEY-----\n",
            "content_base64": null,
            "content_base64sha256": "HN4KV+0z/vhJyoNK24QQpT0aiK3MzQ1yuiIKrgvWPBc=",
            "content_base64sha512": "bHb0XGu1F1EmuDegzhCveYTnOxh9h0Jvxc/dl8xJqoi8U+22RB2FHdCP6rVoZVDBsWf5Ym1t3LTyouN8WJuJ7Q==",
            "content_md5": "a8bfd0f5d09e8f15385dfa1f0242b47a",
            "content_sha1": "8412a781ddf025f53469abb1d0afdf6565c1ec28",
            "content_sha256": "1cde0a57ed33fef849ca834adb8410a53d1a88adcccd0d72ba220aae0bd63c17",
            "content_sha512": "6c76f45c6bb5175126b837a0ce10af7984e73b187d87426fc5cfdd97cc49aa88bc53edb6441d851dd08feab5686550c1b167f9626d6ddcb4f2a2e37c589b89ed",
            "directory_permission": "0777",
            "file_permission": "0777",
            "filename": "jenkins-key.pem",
            "id": "8412a781ddf025f53469abb1d0afdf6565c1ec28",
            "sensitive_content": null,
            "source": null
          },
          "sensitive_attributes": [
            [
              {
                "type": "get_attr",
                "value": "content"
              }
            ],
            [
              {
                "type": "get_attr",
                "value": "sensitive_content"
              }
            ]
          ],
          "dependencies": [
            "tls_private_key.jenkins_private_key"
          ]
        }
      ]
    },
    {
      "mode": "managed",
      "type": "tls_private_key",
      "name": "jenkins_private_key",
      "provider": "provider[\"registry.terraform.io/hashicorp/tls\"]",
      "instances": [
        {
          "schema_version": 1,
          "attributes": {
            "algorithm": "RSA",
            "ecdsa_curve": "P224",
            "id": "0edcc5e5dbe80abd7b61973c1e4e0e2febb20c3f",
            "private_key_openssh": "-----BEGIN OPENSSH PRIVATE KEY-----\nb3BlbnNzaC1rZXktdjEAAAAABG5vbmUAAAAEbm9uZQAAAAAAAAABAAABFwAAAAdz\nc2gtcnNhAAAAAwEAAQAAAQEAuKAuYWZIFiCxOc41sE5LWYii+AVOY7vvBigZP6Wz\narWADFyB1bYIv+0p9JoKJgiWI/b1PCgzzkExuyB232TtTZT6ZkcKMTCvVAqWYL4Q\nn+nliXJYyh4IIhGxa1LwU0xX3IV1FmRqUTjXyG/UjexXJLWA4EPYMNXNri42yvWP\nD+gtoe2cRoO4poz95kD+4eGXlDrTJrUtZRAZTIiKAmvI+9vumBXsuOzVkWsjob6v\nxhr5MwMs/O05OO3wZ7PrIYOyziQ2YUDw2rYSx/7QBQy0LEWUpV4AIUW5+6dPvgLI\nK16mAZhfrr7fqBJzNtwOWUj0aKHAA8G52mucy1eRUmpDWwAAA7hTvhRpU74UaQAA\nAAdzc2gtcnNhAAABAQC4oC5hZkgWILE5zjWwTktZiKL4BU5ju+8GKBk/pbNqtYAM\nXIHVtgi/7Sn0mgomCJYj9vU8KDPOQTG7IHbfZO1NlPpmRwoxMK9UCpZgvhCf6eWJ\ncljKHggiEbFrUvBTTFfchXUWZGpRONfIb9SN7FcktYDgQ9gw1c2uLjbK9Y8P6C2h\n7ZxGg7imjP3mQP7h4ZeUOtMmtS1lEBlMiIoCa8j72+6YFey47NWRayOhvq/GGvkz\nAyz87Tk47fBns+shg7LOJDZhQPDathLH/tAFDLQsRZSlXgAhRbn7p0++AsgrXqYB\nmF+uvt+oEnM23A5ZSPRoocADwbnaa5zLV5FSakNbAAAAAwEAAQAAAQBeSgAl4hSi\nqGOagAPPXM0CltOUEzGrock6vbPXW4q7zqHsrjnoqSTiz/6DW0AfmHcFOxSXeniq\nt4TsanILOQIwgws2vMUpxhFkvFt8YNUgtlVx0qIh5yCENcEEbMEr6WtdxhK8MuBR\nRtR9Gw/Uw4TlzIRbBIsetbJraFK3aJ19o1mShu87fiabIspczofM8SUGNqZO5aW5\nyI4umUymclp3nPCVO2LMOeFgeJnAzsmaFFZSNUWwB7xTL+fpUmG6MQUFnD2gOgHe\ncUZk6Gvy9WYNQ/XAnKta6CoulbAeVka8HdnIxQqHqc5rrVBN+VD5T/WHMNOek4DX\nvBvwJy7uqsSRAAAAgQCWGyhT4mM4kPREwBdNPEdZ4E5hu1MQ72LudVrx3hBHQzKo\nC1QW+xfkzyKglvRiEbT0PGmfkiU58lstNPb6h7Xmk+izicKb80mauU+43WTP1M6z\nrZ6pLI7QWqzdbciQ4ollVDZ6s6LyXASuf24SMvyI5fGOnXNyYqlnhjG+dwh6nQAA\nAIEA41Q/cjBKLU5+xHpkPrXFe2UjUQi/uvPWxnRaG89U1+oNAIQw7g5YwsgTF3MU\nuKbKauHF5HN1KcAr54txEtgRtp/sVC2zsrOinrr11Ytwo3GUz6GaRkgPga79YRVa\nvNyuPLq/BHqwaAHDRtDtvFv06pyGp0rer9CiOnthX+OtVqUAAACBAM/pLF5qYT1w\nvBTs06y7xk7SpyFlUii6oif4/30lns4dk5M15o4M+wrcHSa+LctN5TY7Prja3sdq\nGfR5m1D6YhjjgxNZFCoAr7VqMHRC7UVYya5a5QdFcZh7qHVV/KUuAndz3NWHwrra\nxAOi6Kcs4WDz0JugKGq1I7eL+soOABH/AAAAAAEC\n-----END OPENSSH PRIVATE KEY-----\n",
            "private_key_pem": "-----BEGIN RSA PRIVATE KEY-----\nMIIEpAIBAAKCAQEAuKAuYWZIFiCxOc41sE5LWYii+AVOY7vvBigZP6WzarWADFyB\n1bYIv+0p9JoKJgiWI/b1PCgzzkExuyB232TtTZT6ZkcKMTCvVAqWYL4Qn+nliXJY\nyh4IIhGxa1LwU0xX3IV1FmRqUTjXyG/UjexXJLWA4EPYMNXNri42yvWPD+gtoe2c\nRoO4poz95kD+4eGXlDrTJrUtZRAZTIiKAmvI+9vumBXsuOzVkWsjob6vxhr5MwMs\n/O05OO3wZ7PrIYOyziQ2YUDw2rYSx/7QBQy0LEWUpV4AIUW5+6dPvgLIK16mAZhf\nrr7fqBJzNtwOWUj0aKHAA8G52mucy1eRUmpDWwIDAQABAoIBAF5KACXiFKKoY5qA\nA89czQKW05QTMauhyTq9s9dbirvOoeyuOeipJOLP/oNbQB+YdwU7FJd6eKq3hOxq\ncgs5AjCDCza8xSnGEWS8W3xg1SC2VXHSoiHnIIQ1wQRswSvpa13GErwy4FFG1H0b\nD9TDhOXMhFsEix61smtoUrdonX2jWZKG7zt+JpsiylzOh8zxJQY2pk7lpbnIji6Z\nTKZyWnec8JU7Ysw54WB4mcDOyZoUVlI1RbAHvFMv5+lSYboxBQWcPaA6Ad5xRmTo\na/L1Zg1D9cCcq1roKi6VsB5WRrwd2cjFCoepzmutUE35UPlP9Ycw056TgNe8G/An\nLu6qxJECgYEA41Q/cjBKLU5+xHpkPrXFe2UjUQi/uvPWxnRaG89U1+oNAIQw7g5Y\nwsgTF3MUuKbKauHF5HN1KcAr54txEtgRtp/sVC2zsrOinrr11Ytwo3GUz6GaRkgP\nga79YRVavNyuPLq/BHqwaAHDRtDtvFv06pyGp0rer9CiOnthX+OtVqUCgYEAz+ks\nXmphPXC8FOzTrLvGTtKnIWVSKLqiJ/j/fSWezh2TkzXmjgz7CtwdJr4ty03lNjs+\nuNrex2oZ9HmbUPpiGOODE1kUKgCvtWowdELtRVjJrlrlB0VxmHuodVX8pS4Cd3Pc\n1YfCutrEA6LopyzhYPPQm6AoarUjt4v6yg4AEf8CgYATE/LvJlZTTw8cdhkLmj2k\niWxZVJ6ilewkY4dcZh38sMu+i1l/4PxZ/Gh9w06t4HGEXsY40ee3RUVp/S3UIwX5\niZpPxjYafTDcmVwgO7+MN/ABLNLBqzKB86mYCC7BQtPsjM+TFKjRUbSNsOMCt8Tq\nG5DBYWsm3h9/QPN/FKBrcQKBgQC1zuQiqAnibVu7PKGZkhZGxUSrGmvu+81jAQWB\njU1CVnC/MUose8NnarX/NBzdhH9knggqJBLd9LU/qLud42W29/SeDa5pUHJWRMac\nVA4iLxMl6YwPgLVmLvRPruKgGwzDIklBXFd3iGgR+fpSfheT7YFFJZdSQJY8Iicr\nW3TKRwKBgQCWGyhT4mM4kPREwBdNPEdZ4E5hu1MQ72LudVrx3hBHQzKoC1QW+xfk\nzyKglvRiEbT0PGmfkiU58lstNPb6h7Xmk+izicKb80mauU+43WTP1M6zrZ6pLI7Q\nWqzdbciQ4ollVDZ6s6LyXASuf24SMvyI5fGOnXNyYqlnhjG+dwh6nQ==\n-----END RSA PRIVATE KEY-----\n",
            "private_key_pem_pkcs8": "-----BEGIN PRIVATE KEY-----\nMIIEvgIBADANBgkqhkiG9w0BAQEFAASCBKgwggSkAgEAAoIBAQC4oC5hZkgWILE5\nzjWwTktZiKL4BU5ju+8GKBk/pbNqtYAMXIHVtgi/7Sn0mgomCJYj9vU8KDPOQTG7\nIHbfZO1NlPpmRwoxMK9UCpZgvhCf6eWJcljKHggiEbFrUvBTTFfchXUWZGpRONfI\nb9SN7FcktYDgQ9gw1c2uLjbK9Y8P6C2h7ZxGg7imjP3mQP7h4ZeUOtMmtS1lEBlM\niIoCa8j72+6YFey47NWRayOhvq/GGvkzAyz87Tk47fBns+shg7LOJDZhQPDathLH\n/tAFDLQsRZSlXgAhRbn7p0++AsgrXqYBmF+uvt+oEnM23A5ZSPRoocADwbnaa5zL\nV5FSakNbAgMBAAECggEAXkoAJeIUoqhjmoADz1zNApbTlBMxq6HJOr2z11uKu86h\n7K456Kkk4s/+g1tAH5h3BTsUl3p4qreE7GpyCzkCMIMLNrzFKcYRZLxbfGDVILZV\ncdKiIecghDXBBGzBK+lrXcYSvDLgUUbUfRsP1MOE5cyEWwSLHrWya2hSt2idfaNZ\nkobvO34mmyLKXM6HzPElBjamTuWluciOLplMpnJad5zwlTtizDnhYHiZwM7JmhRW\nUjVFsAe8Uy/n6VJhujEFBZw9oDoB3nFGZOhr8vVmDUP1wJyrWugqLpWwHlZGvB3Z\nyMUKh6nOa61QTflQ+U/1hzDTnpOA17wb8Ccu7qrEkQKBgQDjVD9yMEotTn7EemQ+\ntcV7ZSNRCL+689bGdFobz1TX6g0AhDDuDljCyBMXcxS4pspq4cXkc3UpwCvni3ES\n2BG2n+xULbOys6KeuvXVi3CjcZTPoZpGSA+Brv1hFVq83K48ur8EerBoAcNG0O28\nW/TqnIanSt6v0KI6e2Ff461WpQKBgQDP6SxeamE9cLwU7NOsu8ZO0qchZVIouqIn\n+P99JZ7OHZOTNeaODPsK3B0mvi3LTeU2Oz642t7Hahn0eZtQ+mIY44MTWRQqAK+1\najB0Qu1FWMmuWuUHRXGYe6h1VfylLgJ3c9zVh8K62sQDouinLOFg89CboChqtSO3\ni/rKDgAR/wKBgBMT8u8mVlNPDxx2GQuaPaSJbFlUnqKV7CRjh1xmHfywy76LWX/g\n/Fn8aH3DTq3gcYRexjjR57dFRWn9LdQjBfmJmk/GNhp9MNyZXCA7v4w38AEs0sGr\nMoHzqZgILsFC0+yMz5MUqNFRtI2w4wK3xOobkMFhaybeH39A838UoGtxAoGBALXO\n5CKoCeJtW7s8oZmSFkbFRKsaa+77zWMBBYGNTUJWcL8xSix7w2dqtf80HN2Ef2Se\nCCokEt30tT+ou53jZbb39J4NrmlQclZExpxUDiIvEyXpjA+AtWYu9E+u4qAbDMMi\nSUFcV3eIaBH5+lJ+F5PtgUUll1JAljwiJytbdMpHAoGBAJYbKFPiYziQ9ETAF008\nR1ngTmG7UxDvYu51WvHeEEdDMqgLVBb7F+TPIqCW9GIRtPQ8aZ+SJTnyWy009vqH\nteaT6LOJwpvzSZq5T7jdZM/UzrOtnqksjtBarN1tyJDiiWVUNnqzovJcBK5/bhIy\n/Ijl8Y6dc3JiqWeGMb53CHqd\n-----END PRIVATE KEY-----\n",
            "public_key_fingerprint_md5": "42:15:18:a3:d7:f0:e2:c2:3b:71:88:92:14:9c:ab:20",
            "public_key_fingerprint_sha256": "SHA256:z5IK9TSh36eejPgUm0V7wmPZXf6dOHZ4TqObKn62QcA",
            "public_key_openssh": "ssh-rsa AAAAB3NzaC1yc2EAAAADAQABAAABAQC4oC5hZkgWILE5zjWwTktZiKL4BU5ju+8GKBk/pbNqtYAMXIHVtgi/7Sn0mgomCJYj9vU8KDPOQTG7IHbfZO1NlPpmRwoxMK9UCpZgvhCf6eWJcljKHggiEbFrUvBTTFfchXUWZGpRONfIb9SN7FcktYDgQ9gw1c2uLjbK9Y8P6C2h7ZxGg7imjP3mQP7h4ZeUOtMmtS1lEBlMiIoCa8j72+6YFey47NWRayOhvq/GGvkzAyz87Tk47fBns+shg7LOJDZhQPDathLH/tAFDLQsRZSlXgAhRbn7p0++AsgrXqYBmF+uvt+oEnM23A5ZSPRoocADwbnaa5zLV5FSakNb\n",
            "public_key_pem": "-----BEGIN PUBLIC KEY-----\nMIIBIjANBgkqhkiG9w0BAQEFAAOCAQ8AMIIBCgKCAQEAuKAuYWZIFiCxOc41sE5L\nWYii+AVOY7vvBigZP6WzarWADFyB1bYIv+0p9JoKJgiWI/b1PCgzzkExuyB232Tt\nTZT6ZkcKMTCvVAqWYL4Qn+nliXJYyh4IIhGxa1LwU0xX3IV1FmRqUTjXyG/UjexX\nJLWA4EPYMNXNri42yvWPD+gtoe2cRoO4poz95kD+4eGXlDrTJrUtZRAZTIiKAmvI\n+9vumBXsuOzVkWsjob6vxhr5MwMs/O05OO3wZ7PrIYOyziQ2YUDw2rYSx/7QBQy0\nLEWUpV4AIUW5+6dPvgLIK16mAZhfrr7fqBJzNtwOWUj0aKHAA8G52mucy1eRUmpD\nWwIDAQAB\n-----END PUBLIC KEY-----\n",
            "rsa_bits": 2048
          },
          "sensitive_attributes": [
            [
              {
                "type": "get_attr",
                "value": "private_key_openssh"
              }
            ],
            [
              {
                "type": "get_attr",
                "value": "private_key_pem_pkcs8"
              }
            ],
            [
              {
                "type": "get_attr",
                "value": "private_key_pem"
              }
            ]
          ]
        }
      ]
    }
  ],
  "check_results": null
}
